
Microsoft Visual Studio Solution File, Format Version 12.00
# Visual Studio Version 16
VisualStudioVersion = 16.0.30320.27
MinimumVisualStudioVersion = 10.0.40219.1
Project("{FAE04EC0-301F-11D3-BF4B-00C04F79EFBC}") = "tiposDeDados(1)", "tiposDeDados(1)\tiposDeDados(1).csproj", "{A736877F-5383-4970-9974-43049FF42378}"
EndProject
Global
	GlobalSection(SolutionConfigurationPlatforms) = preSolution
		Debug|Any CPU = Debug|Any CPU
		Release|Any CPU = Release|Any CPU
	EndGlobalSection
	GlobalSection(ProjectConfigurationPlatforms) = postSolution
		{A736877F-5383-4970-9974-43049FF42378}.Debug|Any CPU.ActiveCfg = Debug|Any CPU
		{A736877F-5383-4970-9974-43049FF42378}.Debug|Any CPU.Build.0 = Debug|Any CPU
		{A736877F-5383-4970-9974-43049FF42378}.Release|Any CPU.ActiveCfg = Release|Any CPU
		{A736877F-5383-4970-9974-43049FF42378}.Release|Any CPU.Build.0 = Release|Any CPU
	EndGlobalSection
	GlobalSection(SolutionProperties) = preSolution
		HideSolutionNode = FALSE
	EndGlobalSection
	GlobalSection(ExtensibilityGlobals) = postSolution
		SolutionGuid = {8519B9F4-00E9-482E-9770-243922B8825A}
	EndGlobalSection
EndGlobal
